
Microsoft Visual Studio Solution File, Format Version 12.00
# Visual Studio Version 16
VisualStudioVersion = 16.0.30907.101
MinimumVisualStudioVersion = 10.0.40219.1
Project("{FAE04EC0-301F-11D3-BF4B-00C04F79EFBC}") = "ChemicalTestingApp", "ChemicalTestingApp\ChemicalTestingApp.csproj", "{1F9C24CF-B32A-4E2F-B4BB-4500519E18ED}"
EndProject
Global
	GlobalSection(SolutionConfigurationPlatforms) = preSolution
		Debug|Any CPU = Debug|Any CPU
		Release|Any CPU = Release|Any CPU
	EndGlobalSection
	GlobalSection(ProjectConfigurationPlatforms) = postSolution
		{1F9C24CF-B32A-4E2F-B4BB-4500519E18ED}.Debug|Any CPU.ActiveCfg = Debug|Any CPU
		{1F9C24CF-B32A-4E2F-B4BB-4500519E18ED}.Debug|Any CPU.Build.0 = Debug|Any CPU
		{1F9C24CF-B32A-4E2F-B4BB-4500519E18ED}.Release|Any CPU.ActiveCfg = Release|Any CPU
		{1F9C24CF-B32A-4E2F-B4BB-4500519E18ED}.Release|Any CPU.Build.0 = Release|Any CPU
	EndGlobalSection
	GlobalSection(SolutionProperties) = preSolution
		HideSolutionNode = FALSE
	EndGlobalSection
	GlobalSection(ExtensibilityGlobals) = postSolution
		SolutionGuid = {17E914F8-CEC8-44E2-A977-7C6CF09A7F57}
	EndGlobalSection
EndGlobal
